{
    "_readme": [
        "This file locks the dependencies of your project to a known state",
        "Read more about it at https://getcomposer.org/doc/01-basic-usage.md#installing-dependencies",
        "This file is @generated automatically"
    ],
    "content-hash": "c5cb42a6779e1ee0eb6a476b3e8d9557",
    "packages": [
        {
            "name": "jmichaelward/wp-editor-block-installer",
            "version": "dev-master",
            "source": {
                "type": "git",
                "url": "https://github.com/jmichaelward/wp-editor-block-installer.git",
                "reference": "3b26def702c03363f302fc3e0300768422c3e1cf"
            },
            "dist": {
                "type": "zip",
                "url": "https://api.github.com/repos/jmichaelward/wp-editor-block-installer/zipball/3b26def702c03363f302fc3e0300768422c3e1cf",
                "reference": "3b26def702c03363f302fc3e0300768422c3e1cf",
                "shasum": ""
            },
            "require": {
                "composer-plugin-api": "^1.0"
            },
            "require-dev": {
                "composer/composer": "^1.8"
            },
            "type": "composer-plugin",
            "extra": {
                "class": [
                    "JMichaelWard\\ComposerInstaller\\WPEditorBlockInstallerPlugin"
                ]
            },
            "autoload": {
                "psr-4": {
                    "JMichaelWard\\ComposerInstaller\\": "src/"
                }
            },
            "notification-url": "https://packagist.org/downloads/",
            "license": [
                "gpl-2.0-or-later"
            ],
            "authors": [
                {
                    "name": "Jeremy Ward",
                    "email": "jeremy@jmichaelward.com"
                }
            ],
            "description": "Composer installer for custom WordPress editor block components.",
            "time": "2019-02-17T00:56:57+00:00"
        },
        {
            "name": "webdevstudios/oops-wp",
            "version": "dev-master",
            "source": {
                "type": "git",
                "url": "git@bitbucket.org:jmwcomposer/oops-wp.git",
                "reference": "777573e4e40a1866b10621310777658ba2c33677"
            },
            "dist": {
                "type": "tar",
                "url": "https://packages.jmichaelward.com/dist/webdevstudios/oops-wp/webdevstudios-oops-wp-dev-master-3e5ff9.tar",
                "reference": "777573e4e40a1866b10621310777658ba2c33677",
                "shasum": "7703df48ac106e54e112308b32aca29ec4256df1"
            },
            "require": {
                "php": "^7"
            },
            "type": "library",
            "autoload": {
                "psr-4": {
                    "WebDevStudios\\OopsWP\\": "src/"
                }
            },
            "license": [
                "GPL-2.0-or-later"
            ],
            "authors": [
                {
                    "name": "Jeremy Ward",
                    "email": "jeremy.ward@webdevstudios.com",
                    "role": "Senior Backend Engineer"
                }
            ],
            "description": "A collection of interfaces and class structures to promote object-oriented programming practices in WordPress.",
            "time": "2019-01-05T18:10:02+00:00"
        }
    ],
    "packages-dev": [],
    "aliases": [],
    "minimum-stability": "stable",
    "stability-flags": {
        "webdevstudios/oops-wp": 20,
        "jmichaelward/wp-editor-block-installer": 20
    },
    "prefer-stable": false,
    "prefer-lowest": false,
    "platform": [],
    "platform-dev": []
}
